// !$*UTF8*$!
{
	archiveVersion = 1;
	classes = {
	};
	objectVersion = 48;
	objects = {

/* Begin PBXBuildFile section */
		A1F86BAB203B67F0000796D2 /* AppDelegate.swift in Sources */ = {isa = PBXBuildFile; fileRef = A1F86BAA203B67F0000796D2 /* AppDelegate.swift */; };
		A1F86BAD203B67F0000796D2 /* ViewController.swift in Sources */ = {isa = PBXBuildFile; fileRef = A1F86BAC203B67F0000796D2 /* ViewController.swift */; };
		A1F86BB0203B67F0000796D2 /* Main.storyboard in Resources */ = {isa = PBXBuildFile; fileRef = A1F86BAE203B67F0000796D2 /* Main.storyboard */; };
		A1F86BB2203B67F0000796D2 /* Assets.xcassets in Resources */ = {isa = PBXBuildFile; fileRef = A1F86BB1203B67F0000796D2 /* Assets.xcassets */; };
		A1F86BB5203B67F0000796D2 /* LaunchScreen.storyboard in Resources */ = {isa = PBXBuildFile; fileRef = A1F86BB3203B67F0000796D2 /* LaunchScreen.storyboard */; };
		A1F86BBD203B68B2000796D2 /* DatePickerViewController.swift in Sources */ = {isa = PBXBuildFile; fileRef = A1F86BBC203B68B2000796D2 /* DatePickerViewController.swift */; };
		A1F86BBF203B68CD000796D2 /* SingleComponentPickerViewController.swift in Sources */ = {isa = PBXBuildFile; fileRef = A1F86BBE203B68CD000796D2 /* SingleComponentPickerViewController.swift */; };
		A1F86BC1203B68DF000796D2 /* DoubleComponentPickerViewController.swift in Sources */ = {isa = PBXBuildFile; fileRef = A1F86BC0203B68DF000796D2 /* DoubleComponentPickerViewController.swift */; };
		A1F86BC3203B68FE000796D2 /* DependentComponentPickerViewController.swift in Sources */ = {isa = PBXBuildFile; fileRef = A1F86BC2203B68FE000796D2 /* DependentComponentPickerViewController.swift */; };
		A1F86BC5203B6914000796D2 /* CustomPickerViewController.swift in Sources */ = {isa = PBXBuildFile; fileRef = A1F86BC4203B6914000796D2 /* CustomPickerViewController.swift */; };
		A1F86BC7203B69E7000796D2 /* statedictionary.plist in Resources */ = {isa = PBXBuildFile; fileRef = A1F86BC6203B69E7000796D2 /* statedictionary.plist */; };
		A1F86BCA203B69F6000796D2 /* crunch.wav in Resources */ = {isa = PBXBuildFile; fileRef = A1F86BC8203B69F6000796D2 /* crunch.wav */; };
		A1F86BCB203B69F6000796D2 /* win.wav in Resources */ = {isa = PBXBuildFile; fileRef = A1F86BC9203B69F6000796D2 /* win.wav */; };
/* End PBXBuildFile section */

/* Begin PBXFileReference section */
		A1F86BA7203B67F0000796D2 /* Picker.app */ = {isa = PBXFileReference; explicitFileType = wrapper.application; includeInIndex = 0; path = Picker.app; sourceTree = BUILT_PRODUCTS_DIR; };
		A1F86BAA203B67F0000796D2 /* AppDelegate.swift */ = {isa = PBXFileReference; lastKnownFileType = sourcecode.swift; path = AppDelegate.swift; sourceTree = "<group>"; };
		A1F86BAC203B67F0000796D2 /* ViewController.swift */ = {isa = PBXFileReference; lastKnownFileType = sourcecode.swift; path = ViewController.swift; sourceTree = "<group>"; };
		A1F86BAF203B67F0000796D2 /* Base */ = {isa = PBXFileReference; lastKnownFileType = file.storyboard; name = Base; path = Base.lproj/Main.storyboard; sourceTree = "<group>"; };
		A1F86BB1203B67F0000796D2 /* Assets.xcassets */ = {isa = PBXFileReference; lastKnownFileType = folder.assetcatalog; path = Assets.xcassets; sourceTree = "<group>"; };
		A1F86BB4203B67F0000796D2 /* Base */ = {isa = PBXFileReference; lastKnownFileType = file.storyboard; name = Base; path = Base.lproj/LaunchScreen.storyboard; sourceTree = "<group>"; };
		A1F86BB6203B67F0000796D2 /* Info.plist */ = {isa = PBXFileReference; lastKnownFileType = text.plist.xml; path = Info.plist; sourceTree = "<group>"; };
		A1F86BBC203B68B2000796D2 /* DatePickerViewController.swift */ = {isa = PBXFileReference; lastKnownFileType = sourcecode.swift; path = DatePickerViewController.swift; sourceTree = "<group>"; };
		A1F86BBE203B68CD000796D2 /* SingleComponentPickerViewController.swift */ = {isa = PBXFileReference; lastKnownFileType = sourcecode.swift; path = SingleComponentPickerViewController.swift; sourceTree = "<group>"; };
		A1F86BC0203B68DF000796D2 /* DoubleComponentPickerViewController.swift */ = {isa = PBXFileReference; lastKnownFileType = sourcecode.swift; path = DoubleComponentPickerViewController.swift; sourceTree = "<group>"; };
		A1F86BC2203B68FE000796D2 /* DependentComponentPickerViewController.swift */ = {isa = PBXFileReference; lastKnownFileType = sourcecode.swift; path = DependentComponentPickerViewController.swift; sourceTree = "<group>"; };
		A1F86BC4203B6914000796D2 /* CustomPickerViewController.swift */ = {isa = PBXFileReference; lastKnownFileType = sourcecode.swift; path = CustomPickerViewController.swift; sourceTree = "<group>"; };
		A1F86BC6203B69E7000796D2 /* statedictionary.plist */ = {isa = PBXFileReference; fileEncoding = 4; lastKnownFileType = text.plist.xml; path = statedictionary.plist; sourceTree = "<group>"; };
		A1F86BC8203B69F6000796D2 /* crunch.wav */ = {isa = PBXFileReference; lastKnownFileType = audio.wav; path = crunch.wav; sourceTree = "<group>"; };
		A1F86BC9203B69F6000796D2 /* win.wav */ = {isa = PBXFileReference; lastKnownFileType = audio.wav; path = win.wav; sourceTree = "<group>"; };
/* End PBXFileReference section */

/* Begin PBXFrameworksBuildPhase section */
		A1F86BA4203B67F0000796D2 /* Frameworks */ = {
			isa = PBXFrameworksBuildPhase;
			buildActionMask = 2147483647;
			files = (
			);
			runOnlyForDeploymentPostprocessing = 0;
		};
/* End PBXFrameworksBuildPhase section */

/* Begin PBXGroup section */
		A1F86B9E203B67F0000796D2 = {
			isa = PBXGroup;
			children = (
				A1F86BA9203B67F0000796D2 /* Picker */,
				A1F86BA8203B67F0000796D2 /* Products */,
			);
			sourceTree = "<group>";
		};
		A1F86BA8203B67F0000796D2 /* Products */ = {
			isa = PBXGroup;
			children = (
				A1F86BA7203B67F0000796D2 /* Picker.app */,
			);
			name = Products;
			sourceTree = "<group>";
		};
		A1F86BA9203B67F0000796D2 /* Picker */ = {
			isa = PBXGroup;
			children = (
				A1F86BAA203B67F0000796D2 /* AppDelegate.swift */,
				A1F86BAC203B67F0000796D2 /* ViewController.swift */,
				A1F86BBC203B68B2000796D2 /* DatePickerViewController.swift */,
				A1F86BBE203B68CD000796D2 /* SingleComponentPickerViewController.swift */,
				A1F86BC0203B68DF000796D2 /* DoubleComponentPickerViewController.swift */,
				A1F86BC2203B68FE000796D2 /* DependentComponentPickerViewController.swift */,
				A1F86BC4203B6914000796D2 /* CustomPickerViewController.swift */,
				A1F86BAE203B67F0000796D2 /* Main.storyboard */,
				A1F86BB3203B67F0000796D2 /* LaunchScreen.storyboard */,
				A1F86BB1203B67F0000796D2 /* Assets.xcassets */,
				A1F86BB6203B67F0000796D2 /* Info.plist */,
				A1F86BC6203B69E7000796D2 /* statedictionary.plist */,
				A1F86BC8203B69F6000796D2 /* crunch.wav */,
				A1F86BC9203B69F6000796D2 /* win.wav */,
			);
			path = Picker;
			sourceTree = "<group>";
		};
/* End PBXGroup section */

/* Begin PBXNativeTarget section */
		A1F86BA6203B67F0000796D2 /* Picker */ = {
			isa = PBXNativeTarget;
			buildConfigurationList = A1F86BB9203B67F0000796D2 /* Build configuration list for PBXNativeTarget "Picker" */;
			buildPhases = (
				A1F86BA3203B67F0000796D2 /* Sources */,
				A1F86BA4203B67F0000796D2 /* Frameworks */,
				A1F86BA5203B67F0000796D2 /* Resources */,
			);
			buildRules = (
			);
			dependencies = (
			);
			name = Picker;
			productName = Picker;
			productReference = A1F86BA7203B67F0000796D2 /* Picker.app */;
			productType = "com.apple.product-type.application";
		};
/* End PBXNativeTarget section */

/* Begin PBXProject section */
		A1F86B9F203B67F0000796D2 /* Project object */ = {
			isa = PBXProject;
			attributes = {
				LastSwiftUpdateCheck = 0920;
				LastUpgradeCheck = 0920;
				ORGANIZATIONNAME = Emily;
				TargetAttributes = {
					A1F86BA6203B67F0000796D2 = {
						CreatedOnToolsVersion = 9.2;
						ProvisioningStyle = Automatic;
					};
				};
			};
			buildConfigurationList = A1F86BA2203B67F0000796D2 /* Build configuration list for PBXProject "Picker" */;
			compatibilityVersion = "Xcode 8.0";
			developmentRegion = en;
			hasScannedForEncodings = 0;
			knownRegions = (
				en,
				Base,
			);
			mainGroup = A1F86B9E203B67F0000796D2;
			productRefGroup = A1F86BA8203B67F0000796D2 /* Products */;
			projectDirPath = "";
			projectRoot = "";
			targets = (
				A1F86BA6203B67F0000796D2 /* Picker */,
			);
		};
/* End PBXProject section */

/* Begin PBXResourcesBuildPhase section */
		A1F86BA5203B67F0000796D2 /* Resources */ = {
			isa = PBXResourcesBuildPhase;
			buildActionMask = 2147483647;
			files = (
				A1F86BCA203B69F6000796D2 /* crunch.wav in Resources */,
				A1F86BB5203B67F0000796D2 /* LaunchScreen.storyboard in Resources */,
				A1F86BB2203B67F0000796D2 /* Assets.xcassets in Resources */,
				A1F86BCB203B69F6000796D2 /* win.wav in Resources */,
				A1F86BC7203B69E7000796D2 /* statedictionary.plist in Resources */,
				A1F86BB0203B67F0000796D2 /* Main.storyboard in Resources */,
			);
			runOnlyForDeploymentPostprocessing = 0;
		};
/* End PBXResourcesBuildPhase section */

/* Begin PBXSourcesBuildPhase section */
		A1F86BA3203B67F0000796D2 /* Sources */ = {
			isa = PBXSourcesBuildPhase;
			buildActionMask = 2147483647;
			files = (
				A1F86BAD203B67F0000796D2 /* ViewController.swift in Sources */,
				A1F86BAB203B67F0000796D2 /* AppDelegate.swift in Sources */,
				A1F86BC3203B68FE000796D2 /* DependentComponentPickerViewController.swift in Sources */,
				A1F86BC1203B68DF000796D2 /* DoubleComponentPickerViewController.swift in Sources */,
				A1F86BC5203B6914000796D2 /* CustomPickerViewController.swift in Sources */,
				A1F86BBF203B68CD000796D2 /* SingleComponentPickerViewController.swift in Sources */,
				A1F86BBD203B68B2000796D2 /* DatePickerViewController.swift in Sources */,
			);
			runOnlyForDeploymentPostprocessing = 0;
		};
/* End PBXSourcesBuildPhase section */

/* Begin PBXVariantGroup section */
		A1F86BAE203B67F0000796D2 /* Main.storyboard */ = {
			isa = PBXVariantGroup;
			children = (
				A1F86BAF203B67F0000796D2 /* Base */,
			);
			name = Main.storyboard;
			sourceTree = "<group>";
		};
		A1F86BB3203B67F0000796D2 /* LaunchScreen.storyboard */ = {
			isa = PBXVariantGroup;
			children = (
				A1F86BB4203B67F0000796D2 /* Base */,
			);
			name = LaunchScreen.storyboard;
			sourceTree = "<group>";
		};
/* End PBXVariantGroup section */

/* Begin XCBuildConfiguration section */
		A1F86BB7203B67F0000796D2 /* Debug */ = {
			isa = XCBuildConfiguration;
			buildSettings = {
				ALWAYS_SEARCH_USER_PATHS = NO;
				CLANG_ANALYZER_NONNULL = YES;
				CLANG_ANALYZER_NUMBER_OBJECT_CONVERSION = YES_AGGRESSIVE;
				CLANG_CXX_LANGUAGE_STANDARD = "gnu++14";
				CLANG_CXX_LIBRARY = "libc++";
				CLANG_ENABLE_MODULES = YES;
				CLANG_ENABLE_OBJC_ARC = YES;
				CLANG_WARN_BLOCK_CAPTURE_AUTORELEASING = YES;
				CLANG_WARN_BOOL_CONVERSION = YES;
				CLANG_WARN_COMMA = YES;
				CLANG_WARN_CONSTANT_CONVERSION = YES;
				CLANG_WARN_DIRECT_OBJC_ISA_USAGE = YES_ERROR;
				CLANG_WARN_DOCUMENTATION_COMMENTS = YES;
				CLANG_WARN_EMPTY_BODY = YES;
				CLANG_WARN_ENUM_CONVERSION = YES;
				CLANG_WARN_INFINITE_RECURSION = YES;
				CLANG_WARN_INT_CONVERSION = YES;
				CLANG_WARN_NON_LITERAL_NULL_CONVERSION = YES;
				CLANG_WARN_OBJC_LITERAL_CONVERSION = YES;
				CLANG_WARN_OBJC_ROOT_CLASS = YES_ERROR;
				CLANG_WARN_RANGE_LOOP_ANALYSIS = YES;
				CLANG_WARN_STRICT_PROTOTYPES = YES;
				CLANG_WARN_SUSPICIOUS_MOVE = YES;
				CLANG_WARN_UNGUARDED_AVAILABILITY = YES_AGGRESSIVE;
				CLANG_WARN_UNREACHABLE_CODE = YES;
				CLANG_WARN__DUPLICATE_METHOD_MATCH = YES;
				CODE_SIGN_IDENTITY = "iPhone Developer";
				COPY_PHASE_STRIP = NO;
				DEBUG_INFORMATION_FORMAT = dwarf;
				ENABLE_STRICT_OBJC_MSGSEND = YES;
				ENABLE_TESTABILITY = YES;
				GCC_C_LANGUAGE_STANDARD = gnu11;
				GCC_DYNAMIC_NO_PIC = NO;
				GCC_NO_COMMON_BLOCKS = YES;
				GCC_OPTIMIZATION_LEVEL = 0;
				GCC_PREPROCESSOR_DEFINITIONS = (
					"DEBUG=1",
					"$(inherited)",
				);
				GCC_WARN_64_TO_32_BIT_CONVERSION = YES;
				GCC_WARN_ABOUT_RETURN_TYPE = YES_ERROR;
				GCC_WARN_UNDECLARED_SELECTOR = YES;
				GCC_WARN_UNINITIALIZED_AUTOS = YES_AGGRESSIVE;
				GCC_WARN_UNUSED_FUNCTION = YES;
				GCC_WARN_UNUSED_VARIABLE = YES;
				IPHONEOS_DEPLOYMENT_TARGET = 11.2;
				MTL_ENABLE_DEBUG_INFO = YES;
				ONLY_ACTIVE_ARCH = YES;
				SDKROOT = iphoneos;
				SWIFT_ACTIVE_COMPILATION_CONDITIONS = DEBUG;
				SWIFT_OPTIMIZATION_LEVEL = "-Onone";
			};
			name = Debug;
		};
		A1F86BB8203B67F0000796D2 /* Release */ = {
			isa = XCBuildConfiguration;
			buildSettings = {
				ALWAYS_SEARCH_USER_PATHS = NO;
				CLANG_ANALYZER_NONNULL = YES;
				CLANG_ANALYZER_NUMBER_OBJECT_CONVERSION = YES_AGGRESSIVE;
				CLANG_CXX_LANGUAGE_STANDARD = "gnu++14";
				CLANG_CXX_LIBRARY = "libc++";
				CLANG_ENABLE_MODULES = YES;
				CLANG_ENABLE_OBJC_ARC = YES;
				CLANG_WARN_BLOCK_CAPTURE_AUTORELEASING = YES;
				CLANG_WARN_BOOL_CONVERSION = YES;
				CLANG_WARN_COMMA = YES;
				CLANG_WARN_CONSTANT_CONVERSION = YES;
				CLANG_WARN_DIRECT_OBJC_ISA_USAGE = YES_ERROR;
				CLANG_WARN_DOCUMENTATION_COMMENTS = YES;
				CLANG_WARN_EMPTY_BODY = YES;
				CLANG_WARN_ENUM_CONVERSION = YES;
				CLANG_WARN_INFINITE_RECURSION = YES;
				CLANG_WARN_INT_CONVERSION = YES;
				CLANG_WARN_NON_LITERAL_NULL_CONVERSION = YES;
				CLANG_WARN_OBJC_LITERAL_CONVERSION = YES;
				CLANG_WARN_OBJC_ROOT_CLASS = YES_ERROR;
				CLANG_WARN_RANGE_LOOP_ANALYSIS = YES;
				CLANG_WARN_STRICT_PROTOTYPES = YES;
				CLANG_WARN_SUSPICIOUS_MOVE = YES;
				CLANG_WARN_UNGUARDED_AVAILABILITY = YES_AGGRESSIVE;
				CLANG_WARN_UNREACHABLE_CODE = YES;
				CLANG_WARN__DUPLICATE_METHOD_MATCH = YES;
				CODE_SIGN_IDENTITY = "iPhone Developer";
				COPY_PHASE_STRIP = NO;
				DEBUG_INFORMATION_FORMAT = "dwarf-with-dsym";
				ENABLE_NS_ASSERTIONS = NO;
				ENABLE_STRICT_OBJC_MSGSEND = YES;
				GCC_C_LANGUAGE_STANDARD = gnu11;
				GCC_NO_COMMON_BLOCKS = YES;
				GCC_WARN_64_TO_32_BIT_CONVERSION = YES;
				GCC_WARN_ABOUT_RETURN_TYPE = YES_ERROR;
				GCC_WARN_UNDECLARED_SELECTOR = YES;
				GCC_WARN_UNINITIALIZED_AUTOS = YES_AGGRESSIVE;
				GCC_WARN_UNUSED_FUNCTION = YES;
				GCC_WARN_UNUSED_VARIABLE = YES;
				IPHONEOS_DEPLOYMENT_TARGET = 11.2;
				MTL_ENABLE_DEBUG_INFO = NO;
				SDKROOT = iphoneos;
				SWIFT_OPTIMIZATION_LEVEL = "-Owholemodule";
				VALIDATE_PRODUCT = YES;
			};
			name = Release;
		};
		A1F86BBA203B67F0000796D2 /* Debug */ = {
			isa = XCBuildConfiguration;
			buildSettings = {
				ASSETCATALOG_COMPILER_APPICON_NAME = AppIcon;
				CODE_SIGN_STYLE = Automatic;
				DEVELOPMENT_TEAM = VL2R3D6A6X;
				INFOPLIST_FILE = Picker/Info.plist;
				LD_RUNPATH_SEARCH_PATHS = "$(inherited) @executable_path/Frameworks";
				PRODUCT_BUNDLE_IDENTIFIER = Emily.Picker;
				PRODUCT_NAME = "$(TARGET_NAME)";
				SWIFT_VERSION = 4.0;
				TARGETED_DEVICE_FAMILY = "1,2";
			};
			name = Debug;
		};
		A1F86BBB203B67F0000796D2 /* Release */ = {
			isa = XCBuildConfiguration;
			buildSettings = {
				ASSETCATALOG_COMPILER_APPICON_NAME = AppIcon;
				CODE_SIGN_STYLE = Automatic;
				DEVELOPMENT_TEAM = VL2R3D6A6X;
				INFOPLIST_FILE = Picker/Info.plist;
				LD_RUNPATH_SEARCH_PATHS = "$(inherited) @executable_path/Frameworks";
				PRODUCT_BUNDLE_IDENTIFIER = Emily.Picker;
				PRODUCT_NAME = "$(TARGET_NAME)";
				SWIFT_VERSION = 4.0;
				TARGETED_DEVICE_FAMILY = "1,2";
			};
			name = Release;
		};
/* End XCBuildConfiguration section */

/* Begin XCConfigurationList section */
		A1F86BA2203B67F0000796D2 /* Build configuration list for PBXProject "Picker" */ = {
			isa = XCConfigurationList;
			buildConfigurations = (
				A1F86BB7203B67F0000796D2 /* Debug */,
				A1F86BB8203B67F0000796D2 /* Release */,
			);
			defaultConfigurationIsVisible = 0;
			defaultConfigurationName = Release;
		};
		A1F86BB9203B67F0000796D2 /* Build configuration list for PBXNativeTarget "Picker" */ = {
			isa = XCConfigurationList;
			buildConfigurations = (
				A1F86BBA203B67F0000796D2 /* Debug */,
				A1F86BBB203B67F0000796D2 /* Release */,
			);
			defaultConfigurationIsVisible = 0;
			defaultConfigurationName = Release;
		};
/* End XCConfigurationList section */
	};
	rootObject = A1F86B9F203B67F0000796D2 /* Project object */;
}
